
Microsoft Visual Studio Solution File, Format Version 12.00
# Visual Studio Version 16
VisualStudioVersion = 16.0.29503.13
MinimumVisualStudioVersion = 10.0.40219.1
Project("{FAE04EC0-301F-11D3-BF4B-00C04F79EFBC}") = "TinyCollege", "TinyCollege\TinyCollege.csproj", "{A2625DAD-261A-4329-A675-9F0F1D2D825D}"
EndProject
Global
	GlobalSection(SolutionConfigurationPlatforms) = preSolution
		Debug|Any CPU = Debug|Any CPU
		Release|Any CPU = Release|Any CPU
	EndGlobalSection
	GlobalSection(ProjectConfigurationPlatforms) = postSolution
		{A2625DAD-261A-4329-A675-9F0F1D2D825D}.Debug|Any CPU.ActiveCfg = Debug|Any CPU
		{A2625DAD-261A-4329-A675-9F0F1D2D825D}.Debug|Any CPU.Build.0 = Debug|Any CPU
		{A2625DAD-261A-4329-A675-9F0F1D2D825D}.Release|Any CPU.ActiveCfg = Release|Any CPU
		{A2625DAD-261A-4329-A675-9F0F1D2D825D}.Release|Any CPU.Build.0 = Release|Any CPU
	EndGlobalSection
	GlobalSection(SolutionProperties) = preSolution
		HideSolutionNode = FALSE
	EndGlobalSection
	GlobalSection(ExtensibilityGlobals) = postSolution
		SolutionGuid = {39918D06-442E-4665-9FDE-DB067A129A98}
	EndGlobalSection
EndGlobal
